
Microsoft Visual Studio Solution File, Format Version 12.00
# Visual Studio Version 16
VisualStudioVersion = 16.0.29728.190
MinimumVisualStudioVersion = 10.0.40219.1
Project("{FAE04EC0-301F-11D3-BF4B-00C04F79EFBC}") = "NetWebApi", "NetWebApi\NetWebApi.csproj", "{8B99CD92-A5BA-47A5-9867-62773C296074}"
EndProject
Project("{FAE04EC0-301F-11D3-BF4B-00C04F79EFBC}") = "CoreWebAPI", "CoreWebAPI\CoreWebAPI.csproj", "{6AFCA63B-D063-43F2-BFD2-1C5650F7282B}"
EndProject
Global
	GlobalSection(SolutionConfigurationPlatforms) = preSolution
		Debug|Any CPU = Debug|Any CPU
		Release|Any CPU = Release|Any CPU
	EndGlobalSection
	GlobalSection(ProjectConfigurationPlatforms) = postSolution
		{8B99CD92-A5BA-47A5-9867-62773C296074}.Debug|Any CPU.ActiveCfg = Debug|Any CPU
		{8B99CD92-A5BA-47A5-9867-62773C296074}.Debug|Any CPU.Build.0 = Debug|Any CPU
		{8B99CD92-A5BA-47A5-9867-62773C296074}.Release|Any CPU.ActiveCfg = Release|Any CPU
		{8B99CD92-A5BA-47A5-9867-62773C296074}.Release|Any CPU.Build.0 = Release|Any CPU
		{6AFCA63B-D063-43F2-BFD2-1C5650F7282B}.Debug|Any CPU.ActiveCfg = Debug|Any CPU
		{6AFCA63B-D063-43F2-BFD2-1C5650F7282B}.Debug|Any CPU.Build.0 = Debug|Any CPU
		{6AFCA63B-D063-43F2-BFD2-1C5650F7282B}.Release|Any CPU.ActiveCfg = Release|Any CPU
		{6AFCA63B-D063-43F2-BFD2-1C5650F7282B}.Release|Any CPU.Build.0 = Release|Any CPU
	EndGlobalSection
	GlobalSection(SolutionProperties) = preSolution
		HideSolutionNode = FALSE
	EndGlobalSection
	GlobalSection(ExtensibilityGlobals) = postSolution
		SolutionGuid = {B9EE9E7A-CA72-4262-960A-313E3920E392}
	EndGlobalSection
EndGlobal
